
Microsoft Visual Studio Solution File, Format Version 12.00
# Visual Studio Version 16
VisualStudioVersion = 16.0.31515.178
MinimumVisualStudioVersion = 10.0.40219.1
Project("{FAE04EC0-301F-11D3-BF4B-00C04F79EFBC}") = "GenerateQRCodeWithLOGO", "GenerateQRCodeWithLOGO\GenerateQRCodeWithLOGO.csproj", "{9ED658B5-E242-4CE6-9517-AA5B48FB3C38}"
EndProject
Global
	GlobalSection(SolutionConfigurationPlatforms) = preSolution
		Debug|Any CPU = Debug|Any CPU
		Release|Any CPU = Release|Any CPU
	EndGlobalSection
	GlobalSection(ProjectConfigurationPlatforms) = postSolution
		{9ED658B5-E242-4CE6-9517-AA5B48FB3C38}.Debug|Any CPU.ActiveCfg = Debug|Any CPU
		{9ED658B5-E242-4CE6-9517-AA5B48FB3C38}.Debug|Any CPU.Build.0 = Debug|Any CPU
		{9ED658B5-E242-4CE6-9517-AA5B48FB3C38}.Release|Any CPU.ActiveCfg = Release|Any CPU
		{9ED658B5-E242-4CE6-9517-AA5B48FB3C38}.Release|Any CPU.Build.0 = Release|Any CPU
	EndGlobalSection
	GlobalSection(SolutionProperties) = preSolution
		HideSolutionNode = FALSE
	EndGlobalSection
	GlobalSection(ExtensibilityGlobals) = postSolution
		SolutionGuid = {6AE8DD14-89E7-4D0C-ADA7-E5716E29863E}
	EndGlobalSection
EndGlobal
